hash: 72085948fb84da21f4120bbd09d36931afe08df0b63b0d7df24a1dc52fdf7a55
updated: 2016-12-07T08:41:51.100978383-08:00
imports:
- name: github.com/btcsuite/btclog
  version: 73889fb79bd687870312b6e40effcecffbd57d30
- name: github.com/btcsuite/go-flags
  version: 6c288d648c1cc1befcb90cb5511dcacf64ae8e61
- name: github.com/btcsuite/seelog
  version: 313961b101eb55f65ae0f03ddd4e322731763b6c
- name: github.com/decred/dcrd
  version: cf7fbc0406dd97f3e112c854fa4052a60a1c58b7
  subpackages:
  - addrmgr
  - blockchain
  - blockchain/stake
  - chaincfg
  - chaincfg/chainhash
  - database
  - dcrjson
  - txscript
  - wire
- name: github.com/decred/dcrrpcclient
  version: fc4826bb281f5b68af4cf95c20d8664419b4cc08
- name: github.com/decred/dcrutil
  version: 0484582bf5503574d824f110e836a8c48aa60c8c
  subpackages:
  - hdkeychain
- name: github.com/decred/dcrwallet
  version: 1160e7671c476b23a1fa89f0dac19b295dd7c2b2
  subpackages:
  - waddrmgr
- name: github.com/go-sql-driver/mysql
  version: 8f6c67f0228a4a6a962008d6c3d1e694e4532e71
- name: github.com/golang/glog
  version: 23def4e6c14b4da8ac2ed8007337bc5eb5007998
- name: github.com/gorilla/context
  version: 08b5f424b9271eedf6f9f0ce86cb9396ed337a42
- name: github.com/gorilla/sessions
  version: ca9ada44574153444b00d3fd9c8559e4cc95f896
- name: github.com/haisum/recaptcha
  version: 8527d614dbb33cac7cf2433c83ad6d3346761276
- name: github.com/pelletier/go-toml
  version: 45932ad32dfdd20826f5671da37a5f3ce9f26a8d
- name: github.com/zenazn/goji
  version: 4d7077956293261309684d3cf1af673f773c6819
  subpackages:
  - graceful
  - web
  - web/middleware
- name: golang.org/x/crypto
  version: 9477e0b78b9ac3d0b03822fd95422e2fe07627cd
  subpackages:
  - bcrypt
- name: gopkg.in/gorp.v1
  version: c87af80f3cc5036b55b83d77171e156791085e2e
testImports: []
